<?xml version="1.0" encoding="utf-8"?>
<Project ToolsVersion="4.0" xmlns="http://schemas.microsoft.com/developer/msbuild/2003">
  <ItemGroup>
    <Filter Include="Source Files">
      <UniqueIdentifier>{4FC737F1-C7A5-4376-A066-2A32D752A2FF}</UniqueIdentifier>
      <Extensions>cpp;c;cc;cxx;c++;cppm;ixx;def;odl;idl;hpj;bat;asm;asmx</Extensions>
    </Filter>
    <Filter Include="Header Files">
      <UniqueIdentifier>{93995380-89BD-4b04-88EB-625FBE52EBFB}</UniqueIdentifier>
      <Extensions>h;hh;hpp;hxx;h++;hm;inl;inc;ipp;xsd</Extensions>
    </Filter>
    <Filter Include="Resource Files">
      <UniqueIdentifier>{67DA6AB6-F800-4c08-8B7A-83BB121AAD01}</UniqueIdentifier>
      <Extensions>rc;ico;cur;bmp;dlg;rc2;rct;bin;rgs;gif;jpg;jpeg;jpe;resx;tiff;tif;png;wav;mfcribbon-ms</Extensions>
    </Filter>
    <Filter Include="Source Files\Entity">
      <UniqueIdentifier>{836948bb-78a9-4a25-aa8a-a1258198fa7c}</UniqueIdentifier>
    </Filter>
    <Filter Include="Source Files\Entity\Manager">
      <UniqueIdentifier>{edd0f0b7-969b-4b9d-b81d-209abbeb3f25}</UniqueIdentifier>
    </Filter>
    <Filter Include="Header Files\Entity">
      <UniqueIdentifier>{85a7e8f3-c5ea-49e4-9a43-187bfd8ec013}</UniqueIdentifier>
    </Filter>
    <Filter Include="Header Files\Entity\Manager">
      <UniqueIdentifier>{3ce7011b-c5eb-4049-8853-804598ffffe8}</UniqueIdentifier>
    </Filter>
    <Filter Include="Header Files\Collider">
      <UniqueIdentifier>{f69eba55-b97f-4b1c-9e2e-ba241ac3566c}</UniqueIdentifier>
    </Filter>
    <Filter Include="Source Files\Collider">
      <UniqueIdentifier>{257fc38b-f4d4-4742-a868-7606553ae4d9}</UniqueIdentifier>
    </Filter>
    <Filter Include="Header Files\Render">
      <UniqueIdentifier>{5e7a3b23-9912-428a-940e-d5742c621f49}</UniqueIdentifier>
    </Filter>
    <Filter Include="Header Files\Render\Manager">
      <UniqueIdentifier>{d0256a0b-c961-44ee-aec5-b6512b52b39d}</UniqueIdentifier>
    </Filter>
    <Filter Include="Source Files\Render">
      <UniqueIdentifier>{1c5370e0-d391-4baa-a3be-e38a9d41a8e4}</UniqueIdentifier>
    </Filter>
    <Filter Include="Source Files\Render\Manager">
      <UniqueIdentifier>{2726e810-cfaf-4900-92f7-719267f1735f}</UniqueIdentifier>
    </Filter>
    <Filter Include="Source Files\Render\Sprite">
      <UniqueIdentifier>{184c08d7-e12e-4707-97f4-56167e080927}</UniqueIdentifier>
    </Filter>
    <Filter Include="Header Files\Render\Sprite">
      <UniqueIdentifier>{93513b68-c8c4-48cf-812d-c4a65e7c7e4f}</UniqueIdentifier>
    </Filter>
    <Filter Include="Header Files\Collider\Manager">
      <UniqueIdentifier>{7d578499-af8b-4f4a-9131-de0d0326d8c0}</UniqueIdentifier>
    </Filter>
    <Filter Include="Source Files\Collider\Manager">
      <UniqueIdentifier>{8bd52a6d-db54-406e-b713-bc12a4024e98}</UniqueIdentifier>
    </Filter>
    <Filter Include="Source Files\Entity\Player">
      <UniqueIdentifier>{3aa9ef18-ad38-4eee-82e6-40c1aaf5d24a}</UniqueIdentifier>
    </Filter>
    <Filter Include="Source Files\Entity\Enemy">
      <UniqueIdentifier>{41e49eac-af5a-4886-825c-34ae5ab5b546}</UniqueIdentifier>
    </Filter>
    <Filter Include="Header Files\Entity\Player">
      <UniqueIdentifier>{54eebbe9-f7ee-468c-b6f8-033da45ebf01}</UniqueIdentifier>
    </Filter>
    <Filter Include="Header Files\Entity\Enemy">
      <UniqueIdentifier>{613e05cd-e71c-4d26-8c02-30ec624641a6}</UniqueIdentifier>
    </Filter>
    <Filter Include="Header Files\Sound">
      <UniqueIdentifier>{fb9ca1bf-c5ce-43f8-867b-5bc7463c2f2e}</UniqueIdentifier>
    </Filter>
    <Filter Include="Source Files\Sound">
      <UniqueIdentifier>{02a3c9e3-3bbb-4e50-8a62-afa4d5b70951}</UniqueIdentifier>
    </Filter>
    <Filter Include="Header Files\Sound\Manager">
      <UniqueIdentifier>{d17ebdd2-8bcc-4022-ab79-0b78709db618}</UniqueIdentifier>
    </Filter>
    <Filter Include="Source Files\Sound\Manager">
      <UniqueIdentifier>{89a049b9-f091-4643-afd3-08ea3c906dc7}</UniqueIdentifier>
    </Filter>
    <Filter Include="Header Files\AI">
      <UniqueIdentifier>{1e77d005-3f4a-4d70-85b7-44c89de4421b}</UniqueIdentifier>
    </Filter>
    <Filter Include="Header Files\AI\Manager">
      <UniqueIdentifier>{d09861c6-fae0-43a0-8e06-8297bf00c31e}</UniqueIdentifier>
    </Filter>
    <Filter Include="Source Files\AI">
      <UniqueIdentifier>{c3a2723a-266d-46cf-9b0b-95b2b60d501f}</UniqueIdentifier>
    </Filter>
    <Filter Include="Source Files\AI\Manager">
      <UniqueIdentifier>{2ef20ab2-f91a-4919-9e43-49d93825f956}</UniqueIdentifier>
    </Filter>
    <Filter Include="Header Files\Input">
      <UniqueIdentifier>{d32c7a49-b791-40d0-85d8-5a1ff5ed5a92}</UniqueIdentifier>
    </Filter>
    <Filter Include="Header Files\Input\Manager">
      <UniqueIdentifier>{a9fd8ee5-0069-482f-8446-92c0794fac00}</UniqueIdentifier>
    </Filter>
    <Filter Include="Source Files\Input">
      <UniqueIdentifier>{102e56ff-6039-444f-8fbe-d861d7a04098}</UniqueIdentifier>
    </Filter>
    <Filter Include="Source Files\Input\Manager">
      <UniqueIdentifier>{7790f282-a4e3-4b3a-be56-c1f04e6594ea}</UniqueIdentifier>
    </Filter>
  </ItemGroup>
  <ItemGroup>
    <ClCompile Include="CoinToss.cpp">
      <Filter>Source Files</Filter>
    </ClCompile>
    <ClCompile Include="EntityManager.cpp">
      <Filter>Source Files\Entity\Manager</Filter>
    </ClCompile>
    <ClCompile Include="Collider.cpp">
      <Filter>Source Files\Collider</Filter>
    </ClCompile>
    <ClCompile Include="RenderManager.cpp">
      <Filter>Source Files\Render\Manager</Filter>
    </ClCompile>
    <ClCompile Include="SpriteManager.cpp">
      <Filter>Source Files\Render\Manager</Filter>
    </ClCompile>
    <ClCompile Include="CollisionManager.cpp">
      <Filter>Source Files\Collider\Manager</Filter>
    </ClCompile>
    <ClCompile Include="Sprite.cpp">
      <Filter>Source Files\Render\Sprite</Filter>
    </ClCompile>
    <ClCompile Include="CTEnemy.cpp">
      <Filter>Source Files\Entity\Enemy</Filter>
    </ClCompile>
    <ClCompile Include="CTPlayer.cpp">
      <Filter>Source Files\Entity\Player</Filter>
    </ClCompile>
    <ClCompile Include="AudioManager.cpp">
      <Filter>Source Files\Sound\Manager</Filter>
    </ClCompile>
    <ClCompile Include="Entity.cpp">
      <Filter>Source Files\Entity</Filter>
    </ClCompile>
    <ClCompile Include="AIManager.cpp">
      <Filter>Source Files\AI\Manager</Filter>
    </ClCompile>
    <ClCompile Include="InputManager.cpp">
      <Filter>Source Files\Input\Manager</Filter>
    </ClCompile>
  </ItemGroup>
  <ItemGroup>
    <ClInclude Include="EntityManager.h">
      <Filter>Header Files\Entity\Manager</Filter>
    </ClInclude>
    <ClInclude Include="Entity.h">
      <Filter>Header Files\Entity</Filter>
    </ClInclude>
    <ClInclude Include="Collider.h">
      <Filter>Header Files\Collider</Filter>
    </ClInclude>
    <ClInclude Include="RenderManager.h">
      <Filter>Header Files\Render\Manager</Filter>
    </ClInclude>
    <ClInclude Include="SpriteManager.h">
      <Filter>Header Files\Render\Manager</Filter>
    </ClInclude>
    <ClInclude Include="CollisionManager.h">
      <Filter>Header Files\Collider\Manager</Filter>
    </ClInclude>
    <ClInclude Include="Sprite.h">
      <Filter>Header Files\Render\Sprite</Filter>
    </ClInclude>
    <ClInclude Include="CTPlayer.h">
      <Filter>Header Files\Entity\Player</Filter>
    </ClInclude>
    <ClInclude Include="CTEnemy.h">
      <Filter>Header Files\Entity\Enemy</Filter>
    </ClInclude>
    <ClInclude Include="AudioManager.h">
      <Filter>Header Files\Sound\Manager</Filter>
    </ClInclude>
    <ClInclude Include="AIManager.h">
      <Filter>Header Files\AI\Manager</Filter>
    </ClInclude>
    <ClInclude Include="InputManager.h">
      <Filter>Header Files\Input\Manager</Filter>
    </ClInclude>
  </ItemGroup>
</Project>